
Microsoft Visual Studio Solution File, Format Version 12.00
# Visual Studio 2013
VisualStudioVersion = 12.0.21005.1
MinimumVisualStudioVersion = 10.0.40219.1
Project("{8BC9CEB8-8B4A-11D0-8D11-00A0C91BC942}") = "002", "002\002.vcxproj", "{B23BF48F-8DA1-476F-84F7-B4DACAC6537D}"
EndProject
Global
	GlobalSection(SolutionConfigurationPlatforms) = preSolution
		Debug|Win32 = Debug|Win32
		Release|Win32 = Release|Win32
	EndGlobalSection
	GlobalSection(ProjectConfigurationPlatforms) = postSolution
		{B23BF48F-8DA1-476F-84F7-B4DACAC6537D}.Debug|Win32.ActiveCfg = Debug|Win32
		{B23BF48F-8DA1-476F-84F7-B4DACAC6537D}.Debug|Win32.Build.0 = Debug|Win32
		{B23BF48F-8DA1-476F-84F7-B4DACAC6537D}.Release|Win32.ActiveCfg = Release|Win32
		{B23BF48F-8DA1-476F-84F7-B4DACAC6537D}.Release|Win32.Build.0 = Release|Win32
	EndGlobalSection
	GlobalSection(SolutionProperties) = preSolution
		HideSolutionNode = FALSE
	EndGlobalSection
EndGlobal
